{
  "name": "si-project-php",
  "lockfileVersion": 2,
  "requires": true,
  "packages": {
    "": {
      "dependencies": {
        "tinymce": "^6.3.1"
      }
    },
    "node_modules/tinymce": {
      "version": "6.3.1",
      "resolved": "https://registry.npmjs.org/tinymce/-/tinymce-6.3.1.tgz",
      "integrity": "sha512-+oCwXuTxAdJXVJ0130OxQz0JDNsqg3deuzgeUo8X5Vb27EzCJgXwO5eWvCxvkxpQo4oiHMVlM4tUIpTUHufHGQ=="
    }
  },
  "dependencies": {
    "tinymce": {
      "version": "6.3.1",
      "resolved": "https://registry.npmjs.org/tinymce/-/tinymce-6.3.1.tgz",
      "integrity": "sha512-+oCwXuTxAdJXVJ0130OxQz0JDNsqg3deuzgeUo8X5Vb27EzCJgXwO5eWvCxvkxpQo4oiHMVlM4tUIpTUHufHGQ=="
    }
  }
}
